Microsoft Visual Studio Solution File, Format Version 12.00
# Visual Studio 2012
Project("{F184B08F-C81C-45F6-A57F-5ABD9991F28F}") = "BookmarkInsertLR", "BookmarkInsertLR\BookmarkInsertLR.vbproj", "{92CA7BE4-F111-4C48-93D0-3BF44C15F775}"
EndProject
Global
	GlobalSection(SolutionConfigurationPlatforms) = preSolution
		Debug|Any CPU = Debug|Any CPU
		Release|Any CPU = Release|Any CPU
	EndGlobalSection
	GlobalSection(ProjectConfigurationPlatforms) = postSolution
		{92CA7BE4-F111-4C48-93D0-3BF44C15F775}.Debug|Any CPU.ActiveCfg = Debug|Any CPU
		{92CA7BE4-F111-4C48-93D0-3BF44C15F775}.Debug|Any CPU.Build.0 = Debug|Any CPU
		{92CA7BE4-F111-4C48-93D0-3BF44C15F775}.Release|Any CPU.ActiveCfg = Release|Any CPU
		{92CA7BE4-F111-4C48-93D0-3BF44C15F775}.Release|Any CPU.Build.0 = Release|Any CPU
	EndGlobalSection
	GlobalSection(SolutionProperties) = preSolution
		HideSolutionNode = FALSE
	EndGlobalSection
EndGlobal
